
Microsoft Visual Studio Solution File, Format Version 12.00
# Visual Studio Version 16
VisualStudioVersion = 16.0.31129.286
MinimumVisualStudioVersion = 10.0.40219.1
Project("{FAE04EC0-301F-11D3-BF4B-00C04F79EFBC}") = "Golf", "Golf.csproj", "{F41E4BD4-7C26-4BAF-979A-FD10AC3341D6}"
EndProject
Global
	GlobalSection(SolutionConfigurationPlatforms) = preSolution
		Debug|Any CPU = Debug|Any CPU
		Release|Any CPU = Release|Any CPU
	EndGlobalSection
	GlobalSection(ProjectConfigurationPlatforms) = postSolution
		{F41E4BD4-7C26-4BAF-979A-FD10AC3341D6}.Debug|Any CPU.ActiveCfg = Debug|Any CPU
		{F41E4BD4-7C26-4BAF-979A-FD10AC3341D6}.Debug|Any CPU.Build.0 = Debug|Any CPU
		{F41E4BD4-7C26-4BAF-979A-FD10AC3341D6}.Release|Any CPU.ActiveCfg = Release|Any CPU
		{F41E4BD4-7C26-4BAF-979A-FD10AC3341D6}.Release|Any CPU.Build.0 = Release|Any CPU
	EndGlobalSection
	GlobalSection(SolutionProperties) = preSolution
		HideSolutionNode = FALSE
	EndGlobalSection
	GlobalSection(ExtensibilityGlobals) = postSolution
		SolutionGuid = {52799594-1ABA-4B1E-B411-03A343A14EDB}
	EndGlobalSection
EndGlobal
